
Microsoft Visual Studio Solution File, Format Version 12.00
# Visual Studio Version 16
VisualStudioVersion = 16.0.32802.440
MinimumVisualStudioVersion = 10.0.40219.1
Project("{FAE04EC0-301F-11D3-BF4B-00C04F79EFBC}") = "MvcBlogSitesi", "MvcBlogSitesi\MvcBlogSitesi.csproj", "{F1AD57BD-2FF1-4A0B-83F5-3E978D0BB021}"
EndProject
Global
	GlobalSection(SolutionConfigurationPlatforms) = preSolution
		Debug|Any CPU = Debug|Any CPU
		Release|Any CPU = Release|Any CPU
	EndGlobalSection
	GlobalSection(ProjectConfigurationPlatforms) = postSolution
		{F1AD57BD-2FF1-4A0B-83F5-3E978D0BB021}.Debug|Any CPU.ActiveCfg = Debug|Any CPU
		{F1AD57BD-2FF1-4A0B-83F5-3E978D0BB021}.Debug|Any CPU.Build.0 = Debug|Any CPU
		{F1AD57BD-2FF1-4A0B-83F5-3E978D0BB021}.Release|Any CPU.ActiveCfg = Release|Any CPU
		{F1AD57BD-2FF1-4A0B-83F5-3E978D0BB021}.Release|Any CPU.Build.0 = Release|Any CPU
	EndGlobalSection
	GlobalSection(SolutionProperties) = preSolution
		HideSolutionNode = FALSE
	EndGlobalSection
	GlobalSection(ExtensibilityGlobals) = postSolution
		SolutionGuid = {CEE40E66-02E8-4377-911E-83CC1DA12BAA}
	EndGlobalSection
EndGlobal
